
Microsoft Visual Studio Solution File, Format Version 12.00
# Visual Studio Version 17
VisualStudioVersion = 17.14.37027.9 d17.14
MinimumVisualStudioVersion = 10.0.40219.1
Project("{FAE04EC0-301F-11D3-BF4B-00C04F79EFBC}") = "OOP.Domain", "OOP.Domain\OOP.Domain.csproj", "{A1F0DF32-D77B-4908-B16C-C545345355BB}"
EndProject
Project("{FAE04EC0-301F-11D3-BF4B-00C04F79EFBC}") = "OOP-ConsoleApp", "OOP-ConsoleApp\OOP-ConsoleApp.csproj", "{22CEE1D1-5509-474C-B79E-A948178251FA}"
EndProject
Project("{FAE04EC0-301F-11D3-BF4B-00C04F79EFBC}") = "OOP.WebAPI", "OOP.WebAPI\OOP.WebAPI.csproj", "{F5996C52-F5A8-415C-9FF0-1F08B69A4A23}"
EndProject
Global
	GlobalSection(SolutionConfigurationPlatforms) = preSolution
		Debug|Any CPU = Debug|Any CPU
		Release|Any CPU = Release|Any CPU
	EndGlobalSection
	GlobalSection(ProjectConfigurationPlatforms) = postSolution
		{A1F0DF32-D77B-4908-B16C-C545345355BB}.Debug|Any CPU.ActiveCfg = Debug|Any CPU
		{A1F0DF32-D77B-4908-B16C-C545345355BB}.Debug|Any CPU.Build.0 = Debug|Any CPU
		{A1F0DF32-D77B-4908-B16C-C545345355BB}.Release|Any CPU.ActiveCfg = Release|Any CPU
		{A1F0DF32-D77B-4908-B16C-C545345355BB}.Release|Any CPU.Build.0 = Release|Any CPU
		{22CEE1D1-5509-474C-B79E-A948178251FA}.Debug|Any CPU.ActiveCfg = Debug|Any CPU
		{22CEE1D1-5509-474C-B79E-A948178251FA}.Debug|Any CPU.Build.0 = Debug|Any CPU
		{22CEE1D1-5509-474C-B79E-A948178251FA}.Release|Any CPU.ActiveCfg = Release|Any CPU
		{22CEE1D1-5509-474C-B79E-A948178251FA}.Release|Any CPU.Build.0 = Release|Any CPU
		{F5996C52-F5A8-415C-9FF0-1F08B69A4A23}.Debug|Any CPU.ActiveCfg = Debug|Any CPU
		{F5996C52-F5A8-415C-9FF0-1F08B69A4A23}.Debug|Any CPU.Build.0 = Debug|Any CPU
		{F5996C52-F5A8-415C-9FF0-1F08B69A4A23}.Release|Any CPU.ActiveCfg = Release|Any CPU
		{F5996C52-F5A8-415C-9FF0-1F08B69A4A23}.Release|Any CPU.Build.0 = Release|Any CPU
	EndGlobalSection
	GlobalSection(SolutionProperties) = preSolution
		HideSolutionNode = FALSE
	EndGlobalSection
	GlobalSection(ExtensibilityGlobals) = postSolution
		SolutionGuid = {E3838549-7847-4791-AA00-CB4EED1C177B}
	EndGlobalSection
EndGlobal
